
Microsoft Visual Studio Solution File, Format Version 12.00
# Visual Studio Version 17
VisualStudioVersion = 17.4.33122.133
MinimumVisualStudioVersion = 10.0.40219.1
Project("{FAE04EC0-301F-11D3-BF4B-00C04F79EFBC}") = "shop_final_project", "shop_final_project.csproj", "{F29D4760-31C1-4116-8D9B-DDE5CF40B4CD}"
EndProject
Global
	GlobalSection(SolutionConfigurationPlatforms) = preSolution
		Debug|Any CPU = Debug|Any CPU
		Release|Any CPU = Release|Any CPU
	EndGlobalSection
	GlobalSection(ProjectConfigurationPlatforms) = postSolution
		{F29D4760-31C1-4116-8D9B-DDE5CF40B4CD}.Debug|Any CPU.ActiveCfg = Debug|Any CPU
		{F29D4760-31C1-4116-8D9B-DDE5CF40B4CD}.Debug|Any CPU.Build.0 = Debug|Any CPU
		{F29D4760-31C1-4116-8D9B-DDE5CF40B4CD}.Release|Any CPU.ActiveCfg = Release|Any CPU
		{F29D4760-31C1-4116-8D9B-DDE5CF40B4CD}.Release|Any CPU.Build.0 = Release|Any CPU
	EndGlobalSection
	GlobalSection(SolutionProperties) = preSolution
		HideSolutionNode = FALSE
	EndGlobalSection
	GlobalSection(ExtensibilityGlobals) = postSolution
		SolutionGuid = {894F6696-6B22-490E-AE2B-7984D0837576}
	EndGlobalSection
EndGlobal
